
Microsoft Visual Studio Solution File, Format Version 12.00
# Visual Studio Version 17
VisualStudioVersion = 17.7.34024.191
MinimumVisualStudioVersion = 10.0.40219.1
Project("{FAE04EC0-301F-11D3-BF4B-00C04F79EFBC}") = "Инженерный калькулятор", "Инженерный калькулятор\Инженерный калькулятор.csproj", "{1763D6A0-FD9C-4193-83E9-DCE476F96379}"
EndProject
Global
	GlobalSection(SolutionConfigurationPlatforms) = preSolution
		Debug|Any CPU = Debug|Any CPU
		Release|Any CPU = Release|Any CPU
	EndGlobalSection
	GlobalSection(ProjectConfigurationPlatforms) = postSolution
		{1763D6A0-FD9C-4193-83E9-DCE476F96379}.Debug|Any CPU.ActiveCfg = Debug|Any CPU
		{1763D6A0-FD9C-4193-83E9-DCE476F96379}.Debug|Any CPU.Build.0 = Debug|Any CPU
		{1763D6A0-FD9C-4193-83E9-DCE476F96379}.Release|Any CPU.ActiveCfg = Release|Any CPU
		{1763D6A0-FD9C-4193-83E9-DCE476F96379}.Release|Any CPU.Build.0 = Release|Any CPU
	EndGlobalSection
	GlobalSection(SolutionProperties) = preSolution
		HideSolutionNode = FALSE
	EndGlobalSection
	GlobalSection(ExtensibilityGlobals) = postSolution
		SolutionGuid = {B60E728B-9198-4C5B-9756-4C291A52D080}
	EndGlobalSection
EndGlobal
